
Microsoft Visual Studio Solution File, Format Version 12.00
# Visual Studio Version 17
VisualStudioVersion = 17.5.33414.496
MinimumVisualStudioVersion = 10.0.40219.1
Project("{9A19103F-16F7-4668-BE54-9A1E7A4F7556}") = "FL.Finans.Api", "FL.Finans.Api\FL.Finans.Api.csproj", "{F033F8EE-6094-4AD8-ABD2-5116B76EDE0E}"
EndProject
Project("{2150E333-8FDC-42A3-9474-1A3956D46DE8}") = "1 - Infrastructure", "1 - Infrastructure", "{EDCA906F-61E5-4C38-82D1-F0AB37EC2E35}"
EndProject
Project("{2150E333-8FDC-42A3-9474-1A3956D46DE8}") = "2 - Domain", "2 - Domain", "{D10D180C-A2FA-43A7-B867-FCA1BE3462EC}"
EndProject
Project("{2150E333-8FDC-42A3-9474-1A3956D46DE8}") = "3 - Data", "3 - Data", "{39CCEF66-40F3-4C77-8B24-802F3CDC8B19}"
EndProject
Project("{2150E333-8FDC-42A3-9474-1A3956D46DE8}") = "4 - Tests", "4 - Tests", "{8DAE7E34-4CDC-4045-BB64-F00DFDE0C9A6}"
EndProject
Project("{9A19103F-16F7-4668-BE54-9A1E7A4F7556}") = "FL.Model", "FL.Model\FL.Model.csproj", "{3A2F266B-8DE3-4A0C-BC4E-911AB8F232CE}"
EndProject
Project("{9A19103F-16F7-4668-BE54-9A1E7A4F7556}") = "FL.Data", "FL.Data\FL.Data.csproj", "{3CB23FAD-A5EA-4A5F-A916-B8BD42DDB254}"
EndProject
Project("{FAE04EC0-301F-11D3-BF4B-00C04F79EFBC}") = "FL.Finans.Bff", "FL.Finans.Bff\FL.Finans.Bff.csproj", "{BB4BD4AE-2B12-4252-833A-BEFC37A1DF3B}"
EndProject
Global
	GlobalSection(SolutionConfigurationPlatforms) = preSolution
		Debug|Any CPU = Debug|Any CPU
		Release|Any CPU = Release|Any CPU
	EndGlobalSection
	GlobalSection(ProjectConfigurationPlatforms) = postSolution
		{F033F8EE-6094-4AD8-ABD2-5116B76EDE0E}.Debug|Any CPU.ActiveCfg = Debug|Any CPU
		{F033F8EE-6094-4AD8-ABD2-5116B76EDE0E}.Debug|Any CPU.Build.0 = Debug|Any CPU
		{F033F8EE-6094-4AD8-ABD2-5116B76EDE0E}.Release|Any CPU.ActiveCfg = Release|Any CPU
		{F033F8EE-6094-4AD8-ABD2-5116B76EDE0E}.Release|Any CPU.Build.0 = Release|Any CPU
		{3A2F266B-8DE3-4A0C-BC4E-911AB8F232CE}.Debug|Any CPU.ActiveCfg = Debug|Any CPU
		{3A2F266B-8DE3-4A0C-BC4E-911AB8F232CE}.Debug|Any CPU.Build.0 = Debug|Any CPU
		{3A2F266B-8DE3-4A0C-BC4E-911AB8F232CE}.Release|Any CPU.ActiveCfg = Release|Any CPU
		{3A2F266B-8DE3-4A0C-BC4E-911AB8F232CE}.Release|Any CPU.Build.0 = Release|Any CPU
		{3CB23FAD-A5EA-4A5F-A916-B8BD42DDB254}.Debug|Any CPU.ActiveCfg = Debug|Any CPU
		{3CB23FAD-A5EA-4A5F-A916-B8BD42DDB254}.Debug|Any CPU.Build.0 = Debug|Any CPU
		{3CB23FAD-A5EA-4A5F-A916-B8BD42DDB254}.Release|Any CPU.ActiveCfg = Release|Any CPU
		{3CB23FAD-A5EA-4A5F-A916-B8BD42DDB254}.Release|Any CPU.Build.0 = Release|Any CPU
		{BB4BD4AE-2B12-4252-833A-BEFC37A1DF3B}.Debug|Any CPU.ActiveCfg = Debug|Any CPU
		{BB4BD4AE-2B12-4252-833A-BEFC37A1DF3B}.Debug|Any CPU.Build.0 = Debug|Any CPU
		{BB4BD4AE-2B12-4252-833A-BEFC37A1DF3B}.Release|Any CPU.ActiveCfg = Release|Any CPU
		{BB4BD4AE-2B12-4252-833A-BEFC37A1DF3B}.Release|Any CPU.Build.0 = Release|Any CPU
	EndGlobalSection
	GlobalSection(SolutionProperties) = preSolution
		HideSolutionNode = FALSE
	EndGlobalSection
	GlobalSection(NestedProjects) = preSolution
		{F033F8EE-6094-4AD8-ABD2-5116B76EDE0E} = {EDCA906F-61E5-4C38-82D1-F0AB37EC2E35}
		{3A2F266B-8DE3-4A0C-BC4E-911AB8F232CE} = {D10D180C-A2FA-43A7-B867-FCA1BE3462EC}
		{3CB23FAD-A5EA-4A5F-A916-B8BD42DDB254} = {39CCEF66-40F3-4C77-8B24-802F3CDC8B19}
		{BB4BD4AE-2B12-4252-833A-BEFC37A1DF3B} = {EDCA906F-61E5-4C38-82D1-F0AB37EC2E35}
	EndGlobalSection
	GlobalSection(ExtensibilityGlobals) = postSolution
		SolutionGuid = {AEB82DBE-7324-4637-8B42-AC45558E9C3B}
	EndGlobalSection
EndGlobal
